github.com/otiai10/marmoset v0.4.0 h1:Hg59lQI7qQowBEdsAJ/+VDTEospTBzXX/A1Gsw4mlvA=
github.com/otiai10/marmoset v0.4.0/go.mod h1:t2q6dXWZ9YcFdRREDApX4bCmfQnL3isJ2dgl8ychlXg=
golang.org/x/net v0.0.0-20190225153610-fe579d43d832 h1:2IdId8zoI92l1bUzjAOygcAOkmCe13HY1j0rqPPPzB8=
golang.org/x/net v0.0.0-20190225153610-fe579d43d832/go.mod h1:mL1N/T3taQHkDXs73rZJwtUhF3w3ftmwwsq0BUmARs4=
